
Microsoft Visual Studio Solution File, Format Version 12.00
# Visual Studio Version 17
VisualStudioVersion = 17.0.32112.339
MinimumVisualStudioVersion = 10.0.40219.1
Project("{FAE04EC0-301F-11D3-BF4B-00C04F79EFBC}") = "Practical_02", "Practical_02.csproj", "{83231430-9D69-4E39-8F4A-5E3F57BE4498}"
EndProject
Global
	GlobalSection(SolutionConfigurationPlatforms) = preSolution
		Debug|Any CPU = Debug|Any CPU
		Release|Any CPU = Release|Any CPU
	EndGlobalSection
	GlobalSection(ProjectConfigurationPlatforms) = postSolution
		{83231430-9D69-4E39-8F4A-5E3F57BE4498}.Debug|Any CPU.ActiveCfg = Debug|Any CPU
		{83231430-9D69-4E39-8F4A-5E3F57BE4498}.Debug|Any CPU.Build.0 = Debug|Any CPU
		{83231430-9D69-4E39-8F4A-5E3F57BE4498}.Release|Any CPU.ActiveCfg = Release|Any CPU
		{83231430-9D69-4E39-8F4A-5E3F57BE4498}.Release|Any CPU.Build.0 = Release|Any CPU
	EndGlobalSection
	GlobalSection(SolutionProperties) = preSolution
		HideSolutionNode = FALSE
	EndGlobalSection
	GlobalSection(ExtensibilityGlobals) = postSolution
		SolutionGuid = {D2BD6F83-C96A-4292-8307-C6D0EBA44B80}
	EndGlobalSection
EndGlobal
